
Microsoft Visual Studio Solution File, Format Version 12.00
# Visual Studio 14
VisualStudioVersion = 14.0.25420.1
MinimumVisualStudioVersion = 10.0.40219.1
Project("{FAE04EC0-301F-11D3-BF4B-00C04F79EFBC}") = "PeopleSearch", "PeopleSearch\PeopleSearch.csproj", "{4F065FBD-F1DE-452D-9EC6-DFB3817A3D72}"
EndProject
Project("{FAE04EC0-301F-11D3-BF4B-00C04F79EFBC}") = "PeopleSearch.Tests", "PeopleSearch.Tests\PeopleSearch.Tests.csproj", "{334E2805-2D64-4E7A-B85B-0DF934C7EB20}"
EndProject
Global
	GlobalSection(SolutionConfigurationPlatforms) = preSolution
		Debug|Any CPU = Debug|Any CPU
		Release|Any CPU = Release|Any CPU
	EndGlobalSection
	GlobalSection(ProjectConfigurationPlatforms) = postSolution
		{4F065FBD-F1DE-452D-9EC6-DFB3817A3D72}.Debug|Any CPU.ActiveCfg = Debug|Any CPU
		{4F065FBD-F1DE-452D-9EC6-DFB3817A3D72}.Debug|Any CPU.Build.0 = Debug|Any CPU
		{4F065FBD-F1DE-452D-9EC6-DFB3817A3D72}.Release|Any CPU.ActiveCfg = Release|Any CPU
		{4F065FBD-F1DE-452D-9EC6-DFB3817A3D72}.Release|Any CPU.Build.0 = Release|Any CPU
		{334E2805-2D64-4E7A-B85B-0DF934C7EB20}.Debug|Any CPU.ActiveCfg = Debug|Any CPU
		{334E2805-2D64-4E7A-B85B-0DF934C7EB20}.Debug|Any CPU.Build.0 = Debug|Any CPU
		{334E2805-2D64-4E7A-B85B-0DF934C7EB20}.Release|Any CPU.ActiveCfg = Release|Any CPU
		{334E2805-2D64-4E7A-B85B-0DF934C7EB20}.Release|Any CPU.Build.0 = Release|Any CPU
	EndGlobalSection
	GlobalSection(SolutionProperties) = preSolution
		HideSolutionNode = FALSE
	EndGlobalSection
EndGlobal
